// !$*UTF8*$!
{
	archiveVersion = 1;
	classes = {
	};
	objectVersion = 50;
	objects = {

/* Begin PBXBuildFile section */
		2F1A8D30251A8231003D180D /* FindLocationViewController.swift in Sources */ = {isa = PBXBuildFile; fileRef = 2F1A8D2F251A8231003D180D /* FindLocationViewController.swift */; };
		2F4E4463251A75E80070CC8D /* UserViewController.swift in Sources */ = {isa = PBXBuildFile; fileRef = 2F4E4462251A75E80070CC8D /* UserViewController.swift */; };
		2F4E4467251A783D0070CC8D /* TabBarViewController.swift in Sources */ = {isa = PBXBuildFile; fileRef = 2F4E4466251A783D0070CC8D /* TabBarViewController.swift */; };
		2F59F6AD25073420009BC50F /* AppDelegate.swift in Sources */ = {isa = PBXBuildFile; fileRef = 2F59F6AC25073420009BC50F /* AppDelegate.swift */; };
		2F59F6AF25073420009BC50F /* SceneDelegate.swift in Sources */ = {isa = PBXBuildFile; fileRef = 2F59F6AE25073420009BC50F /* SceneDelegate.swift */; };
		2F59F6B425073420009BC50F /* Main.storyboard in Resources */ = {isa = PBXBuildFile; fileRef = 2F59F6B225073420009BC50F /* Main.storyboard */; };
		2F59F6B625073423009BC50F /* Assets.xcassets in Resources */ = {isa = PBXBuildFile; fileRef = 2F59F6B525073423009BC50F /* Assets.xcassets */; };
		2F59F6B925073423009BC50F /* LaunchScreen.storyboard in Resources */ = {isa = PBXBuildFile; fileRef = 2F59F6B725073423009BC50F /* LaunchScreen.storyboard */; };
		2F59F6C525081649009BC50F /* LoginViewController.swift in Sources */ = {isa = PBXBuildFile; fileRef = 2F59F6C425081649009BC50F /* LoginViewController.swift */; };
		2F59F6CB2508321C009BC50F /* UdacityClient.swift in Sources */ = {isa = PBXBuildFile; fileRef = 2F59F6CA2508321C009BC50F /* UdacityClient.swift */; };
		2F59F6CF25083D53009BC50F /* Struct.swift in Sources */ = {isa = PBXBuildFile; fileRef = 2F59F6CE25083D53009BC50F /* Struct.swift */; };
		2F59F6DC250C4F23009BC50F /* UserListTableViewCell.swift in Sources */ = {isa = PBXBuildFile; fileRef = 2F59F6DB250C4F23009BC50F /* UserListTableViewCell.swift */; };
		2F59F6DE250C4FCF009BC50F /* UserListViewController.swift in Sources */ = {isa = PBXBuildFile; fileRef = 2F59F6DD250C4FCF009BC50F /* UserListViewController.swift */; };
		2F59F6E0250C50A9009BC50F /* UserList.swift in Sources */ = {isa = PBXBuildFile; fileRef = 2F59F6DF250C50A9009BC50F /* UserList.swift */; };
		2F59F6E2250C72EC009BC50F /* ParseClient.swift in Sources */ = {isa = PBXBuildFile; fileRef = 2F59F6E1250C72EC009BC50F /* ParseClient.swift */; };
		2F59F6E4250D40F2009BC50F /* UserMapViewController.swift in Sources */ = {isa = PBXBuildFile; fileRef = 2F59F6E3250D40F2009BC50F /* UserMapViewController.swift */; };
		2FC9FF6625106D6E00F7906F /* AddLocationViewController.swift in Sources */ = {isa = PBXBuildFile; fileRef = 2FC9FF6525106D6E00F7906F /* AddLocationViewController.swift */; };
/* End PBXBuildFile section */

/* Begin PBXFileReference section */
		2F1A8D2F251A8231003D180D /* FindLocationViewController.swift */ = {isa = PBXFileReference; lastKnownFileType = sourcecode.swift; path = FindLocationViewController.swift; sourceTree = "<group>"; };
		2F4E4462251A75E80070CC8D /* UserViewController.swift */ = {isa = PBXFileReference; lastKnownFileType = sourcecode.swift; path = UserViewController.swift; sourceTree = "<group>"; };
		2F4E4466251A783D0070CC8D /* TabBarViewController.swift */ = {isa = PBXFileReference; lastKnownFileType = sourcecode.swift; path = TabBarViewController.swift; sourceTree = "<group>"; };
		2F59F6A925073420009BC50F /* OnTheMap.app */ = {isa = PBXFileReference; explicitFileType = wrapper.application; includeInIndex = 0; path = OnTheMap.app; sourceTree = BUILT_PRODUCTS_DIR; };
		2F59F6AC25073420009BC50F /* AppDelegate.swift */ = {isa = PBXFileReference; lastKnownFileType = sourcecode.swift; path = AppDelegate.swift; sourceTree = "<group>"; };
		2F59F6AE25073420009BC50F /* SceneDelegate.swift */ = {isa = PBXFileReference; lastKnownFileType = sourcecode.swift; path = SceneDelegate.swift; sourceTree = "<group>"; };
		2F59F6B325073420009BC50F /* Base */ = {isa = PBXFileReference; lastKnownFileType = file.storyboard; name = Base; path = Base.lproj/Main.storyboard; sourceTree = "<group>"; };
		2F59F6B525073423009BC50F /* Assets.xcassets */ = {isa = PBXFileReference; lastKnownFileType = folder.assetcatalog; path = Assets.xcassets; sourceTree = "<group>"; };
		2F59F6B825073423009BC50F /* Base */ = {isa = PBXFileReference; lastKnownFileType = file.storyboard; name = Base; path = Base.lproj/LaunchScreen.storyboard; sourceTree = "<group>"; };
		2F59F6BA25073423009BC50F /* Info.plist */ = {isa = PBXFileReference; lastKnownFileType = text.plist.xml; path = Info.plist; sourceTree = "<group>"; };
		2F59F6C425081649009BC50F /* LoginViewController.swift */ = {isa = PBXFileReference; lastKnownFileType = sourcecode.swift; path = LoginViewController.swift; sourceTree = "<group>"; };
		2F59F6CA2508321C009BC50F /* UdacityClient.swift */ = {isa = PBXFileReference; lastKnownFileType = sourcecode.swift; path = UdacityClient.swift; sourceTree = "<group>"; };
		2F59F6CE25083D53009BC50F /* Struct.swift */ = {isa = PBXFileReference; lastKnownFileType = sourcecode.swift; path = Struct.swift; sourceTree = "<group>"; };
		2F59F6DB250C4F23009BC50F /* UserListTableViewCell.swift */ = {isa = PBXFileReference; lastKnownFileType = sourcecode.swift; path = UserListTableViewCell.swift; sourceTree = "<group>"; };
		2F59F6DD250C4FCF009BC50F /* UserListViewController.swift */ = {isa = PBXFileReference; lastKnownFileType = sourcecode.swift; path = UserListViewController.swift; sourceTree = "<group>"; };
		2F59F6DF250C50A9009BC50F /* UserList.swift */ = {isa = PBXFileReference; lastKnownFileType = sourcecode.swift; path = UserList.swift; sourceTree = "<group>"; };
		2F59F6E1250C72EC009BC50F /* ParseClient.swift */ = {isa = PBXFileReference; lastKnownFileType = sourcecode.swift; path = ParseClient.swift; sourceTree = "<group>"; };
		2F59F6E3250D40F2009BC50F /* UserMapViewController.swift */ = {isa = PBXFileReference; lastKnownFileType = sourcecode.swift; path = UserMapViewController.swift; sourceTree = "<group>"; };
		2FC9FF6525106D6E00F7906F /* AddLocationViewController.swift */ = {isa = PBXFileReference; lastKnownFileType = sourcecode.swift; path = AddLocationViewController.swift; sourceTree = "<group>"; };
/* End PBXFileReference section */

/* Begin PBXFrameworksBuildPhase section */
		2F59F6A625073420009BC50F /* Frameworks */ = {
			isa = PBXFrameworksBuildPhase;
			buildActionMask = 2147483647;
			files = (
			);
			runOnlyForDeploymentPostprocessing = 0;
		};
/* End PBXFrameworksBuildPhase section */

/* Begin PBXGroup section */
		2F1A8D32251A8308003D180D /* LocationViewControllers */ = {
			isa = PBXGroup;
			children = (
				2FC9FF6525106D6E00F7906F /* AddLocationViewController.swift */,
				2F1A8D2F251A8231003D180D /* FindLocationViewController.swift */,
			);
			name = LocationViewControllers;
			sourceTree = "<group>";
		};
		2F4E4465251A77670070CC8D /* UserViewControllers */ = {
			isa = PBXGroup;
			children = (
				2F4E4462251A75E80070CC8D /* UserViewController.swift */,
				2F59F6E3250D40F2009BC50F /* UserMapViewController.swift */,
				2F59F6DD250C4FCF009BC50F /* UserListViewController.swift */,
			);
			name = UserViewControllers;
			sourceTree = "<group>";
		};
		2F59F6A025073420009BC50F = {
			isa = PBXGroup;
			children = (
				2F59F6AB25073420009BC50F /* OnTheMap */,
				2F59F6AA25073420009BC50F /* Products */,
			);
			sourceTree = "<group>";
		};
		2F59F6AA25073420009BC50F /* Products */ = {
			isa = PBXGroup;
			children = (
				2F59F6A925073420009BC50F /* OnTheMap.app */,
			);
			name = Products;
			sourceTree = "<group>";
		};
		2F59F6AB25073420009BC50F /* OnTheMap */ = {
			isa = PBXGroup;
			children = (
				2F59F6C625083023009BC50F /* Model */,
				2F59F6C32508139C009BC50F /* View */,
				2F59F6C12508136A009BC50F /* Controller */,
			);
			path = OnTheMap;
			sourceTree = "<group>";
		};
		2F59F6C12508136A009BC50F /* Controller */ = {
			isa = PBXGroup;
			children = (
				2F1A8D32251A8308003D180D /* LocationViewControllers */,
				2F4E4465251A77670070CC8D /* UserViewControllers */,
				2F59F6D8250C4EBA009BC50F /* Entity */,
				2F59F6AE25073420009BC50F /* SceneDelegate.swift */,
				2F59F6AC25073420009BC50F /* AppDelegate.swift */,
				2F59F6C425081649009BC50F /* LoginViewController.swift */,
				2F4E4466251A783D0070CC8D /* TabBarViewController.swift */,
			);
			name = Controller;
			sourceTree = "<group>";
		};
		2F59F6C32508139C009BC50F /* View */ = {
			isa = PBXGroup;
			children = (
				2F59F6B525073423009BC50F /* Assets.xcassets */,
				2F59F6B725073423009BC50F /* LaunchScreen.storyboard */,
				2F59F6B225073420009BC50F /* Main.storyboard */,
				2F59F6BA25073423009BC50F /* Info.plist */,
			);
			name = View;
			sourceTree = "<group>";
		};
		2F59F6C625083023009BC50F /* Model */ = {
			isa = PBXGroup;
			children = (
				2F59F6C72508306C009BC50F /* Gateways */,
			);
			name = Model;
			sourceTree = "<group>";
		};
		2F59F6C72508306C009BC50F /* Gateways */ = {
			isa = PBXGroup;
			children = (
				2F59F6CA2508321C009BC50F /* UdacityClient.swift */,
				2F59F6CE25083D53009BC50F /* Struct.swift */,
				2F59F6E1250C72EC009BC50F /* ParseClient.swift */,
			);
			name = Gateways;
			sourceTree = "<group>";
		};
		2F59F6D8250C4EBA009BC50F /* Entity */ = {
			isa = PBXGroup;
			children = (
				2F59F6DB250C4F23009BC50F /* UserListTableViewCell.swift */,
				2F59F6DF250C50A9009BC50F /* UserList.swift */,
			);
			name = Entity;
			sourceTree = "<group>";
		};
/* End PBXGroup section */

/* Begin PBXNativeTarget section */
		2F59F6A825073420009BC50F /* OnTheMap */ = {
			isa = PBXNativeTarget;
			buildConfigurationList = 2F59F6BD25073423009BC50F /* Build configuration list for PBXNativeTarget "OnTheMap" */;
			buildPhases = (
				2F59F6A525073420009BC50F /* Sources */,
				2F59F6A625073420009BC50F /* Frameworks */,
				2F59F6A725073420009BC50F /* Resources */,
			);
			buildRules = (
			);
			dependencies = (
			);
			name = OnTheMap;
			productName = OnTheMap;
			productReference = 2F59F6A925073420009BC50F /* OnTheMap.app */;
			productType = "com.apple.product-type.application";
		};
/* End PBXNativeTarget section */

/* Begin PBXProject section */
		2F59F6A125073420009BC50F /* Project object */ = {
			isa = PBXProject;
			attributes = {
				LastSwiftUpdateCheck = 1170;
				LastUpgradeCheck = 1170;
				ORGANIZATIONNAME = "Haoran Li";
				TargetAttributes = {
					2F59F6A825073420009BC50F = {
						CreatedOnToolsVersion = 11.7;
					};
				};
			};
			buildConfigurationList = 2F59F6A425073420009BC50F /* Build configuration list for PBXProject "OnTheMap" */;
			compatibilityVersion = "Xcode 9.3";
			developmentRegion = en;
			hasScannedForEncodings = 0;
			knownRegions = (
				en,
				Base,
			);
			mainGroup = 2F59F6A025073420009BC50F;
			productRefGroup = 2F59F6AA25073420009BC50F /* Products */;
			projectDirPath = "";
			projectRoot = "";
			targets = (
				2F59F6A825073420009BC50F /* OnTheMap */,
			);
		};
/* End PBXProject section */

/* Begin PBXResourcesBuildPhase section */
		2F59F6A725073420009BC50F /* Resources */ = {
			isa = PBXResourcesBuildPhase;
			buildActionMask = 2147483647;
			files = (
				2F59F6B925073423009BC50F /* LaunchScreen.storyboard in Resources */,
				2F59F6B625073423009BC50F /* Assets.xcassets in Resources */,
				2F59F6B425073420009BC50F /* Main.storyboard in Resources */,
			);
			runOnlyForDeploymentPostprocessing = 0;
		};
/* End PBXResourcesBuildPhase section */

/* Begin PBXSourcesBuildPhase section */
		2F59F6A525073420009BC50F /* Sources */ = {
			isa = PBXSourcesBuildPhase;
			buildActionMask = 2147483647;
			files = (
				2F59F6E0250C50A9009BC50F /* UserList.swift in Sources */,
				2F4E4463251A75E80070CC8D /* UserViewController.swift in Sources */,
				2F59F6DE250C4FCF009BC50F /* UserListViewController.swift in Sources */,
				2F59F6CB2508321C009BC50F /* UdacityClient.swift in Sources */,
				2F59F6C525081649009BC50F /* LoginViewController.swift in Sources */,
				2F59F6DC250C4F23009BC50F /* UserListTableViewCell.swift in Sources */,
				2F1A8D30251A8231003D180D /* FindLocationViewController.swift in Sources */,
				2F59F6E2250C72EC009BC50F /* ParseClient.swift in Sources */,
				2FC9FF6625106D6E00F7906F /* AddLocationViewController.swift in Sources */,
				2F59F6AD25073420009BC50F /* AppDelegate.swift in Sources */,
				2F59F6E4250D40F2009BC50F /* UserMapViewController.swift in Sources */,
				2F4E4467251A783D0070CC8D /* TabBarViewController.swift in Sources */,
				2F59F6CF25083D53009BC50F /* Struct.swift in Sources */,
				2F59F6AF25073420009BC50F /* SceneDelegate.swift in Sources */,
			);
			runOnlyForDeploymentPostprocessing = 0;
		};
/* End PBXSourcesBuildPhase section */

/* Begin PBXVariantGroup section */
		2F59F6B225073420009BC50F /* Main.storyboard */ = {
			isa = PBXVariantGroup;
			children = (
				2F59F6B325073420009BC50F /* Base */,
			);
			name = Main.storyboard;
			sourceTree = "<group>";
		};
		2F59F6B725073423009BC50F /* LaunchScreen.storyboard */ = {
			isa = PBXVariantGroup;
			children = (
				2F59F6B825073423009BC50F /* Base */,
			);
			name = LaunchScreen.storyboard;
			sourceTree = "<group>";
		};
/* End PBXVariantGroup section */

/* Begin XCBuildConfiguration section */
		2F59F6BB25073423009BC50F /* Debug */ = {
			isa = XCBuildConfiguration;
			buildSettings = {
				ALWAYS_SEARCH_USER_PATHS = NO;
				CLANG_ANALYZER_NONNULL = YES;
				CLANG_ANALYZER_NUMBER_OBJECT_CONVERSION = YES_AGGRESSIVE;
				CLANG_CXX_LANGUAGE_STANDARD = "gnu++14";
				CLANG_CXX_LIBRARY = "libc++";
				CLANG_ENABLE_MODULES = YES;
				CLANG_ENABLE_OBJC_ARC = YES;
				CLANG_ENABLE_OBJC_WEAK = YES;
				CLANG_WARN_BLOCK_CAPTURE_AUTORELEASING = YES;
				CLANG_WARN_BOOL_CONVERSION = YES;
				CLANG_WARN_COMMA = YES;
				CLANG_WARN_CONSTANT_CONVERSION = YES;
				CLANG_WARN_DEPRECATED_OBJC_IMPLEMENTATIONS = YES;
				CLANG_WARN_DIRECT_OBJC_ISA_USAGE = YES_ERROR;
				CLANG_WARN_DOCUMENTATION_COMMENTS = YES;
				CLANG_WARN_EMPTY_BODY = YES;
				CLANG_WARN_ENUM_CONVERSION = YES;
				CLANG_WARN_INFINITE_RECURSION = YES;
				CLANG_WARN_INT_CONVERSION = YES;
				CLANG_WARN_NON_LITERAL_NULL_CONVERSION = YES;
				CLANG_WARN_OBJC_IMPLICIT_RETAIN_SELF = YES;
				CLANG_WARN_OBJC_LITERAL_CONVERSION = YES;
				CLANG_WARN_OBJC_ROOT_CLASS = YES_ERROR;
				CLANG_WARN_RANGE_LOOP_ANALYSIS = YES;
				CLANG_WARN_STRICT_PROTOTYPES = YES;
				CLANG_WARN_SUSPICIOUS_MOVE = YES;
				CLANG_WARN_UNGUARDED_AVAILABILITY = YES_AGGRESSIVE;
				CLANG_WARN_UNREACHABLE_CODE = YES;
				CLANG_WARN__DUPLICATE_METHOD_MATCH = YES;
				COPY_PHASE_STRIP = NO;
				DEBUG_INFORMATION_FORMAT = dwarf;
				ENABLE_STRICT_OBJC_MSGSEND = YES;
				ENABLE_TESTABILITY = YES;
				GCC_C_LANGUAGE_STANDARD = gnu11;
				GCC_DYNAMIC_NO_PIC = NO;
				GCC_NO_COMMON_BLOCKS = YES;
				GCC_OPTIMIZATION_LEVEL = 0;
				GCC_PREPROCESSOR_DEFINITIONS = (
					"DEBUG=1",
					"$(inherited)",
				);
				GCC_WARN_64_TO_32_BIT_CONVERSION = YES;
				GCC_WARN_ABOUT_RETURN_TYPE = YES_ERROR;
				GCC_WARN_UNDECLARED_SELECTOR = YES;
				GCC_WARN_UNINITIALIZED_AUTOS = YES_AGGRESSIVE;
				GCC_WARN_UNUSED_FUNCTION = YES;
				GCC_WARN_UNUSED_VARIABLE = YES;
				IPHONEOS_DEPLOYMENT_TARGET = 13.7;
				MTL_ENABLE_DEBUG_INFO = INCLUDE_SOURCE;
				MTL_FAST_MATH = YES;
				ONLY_ACTIVE_ARCH = YES;
				SDKROOT = iphoneos;
				SWIFT_ACTIVE_COMPILATION_CONDITIONS = DEBUG;
				SWIFT_OPTIMIZATION_LEVEL = "-Onone";
			};
			name = Debug;
		};
		2F59F6BC25073423009BC50F /* Release */ = {
			isa = XCBuildConfiguration;
			buildSettings = {
				ALWAYS_SEARCH_USER_PATHS = NO;
				CLANG_ANALYZER_NONNULL = YES;
				CLANG_ANALYZER_NUMBER_OBJECT_CONVERSION = YES_AGGRESSIVE;
				CLANG_CXX_LANGUAGE_STANDARD = "gnu++14";
				CLANG_CXX_LIBRARY = "libc++";
				CLANG_ENABLE_MODULES = YES;
				CLANG_ENABLE_OBJC_ARC = YES;
				CLANG_ENABLE_OBJC_WEAK = YES;
				CLANG_WARN_BLOCK_CAPTURE_AUTORELEASING = YES;
				CLANG_WARN_BOOL_CONVERSION = YES;
				CLANG_WARN_COMMA = YES;
				CLANG_WARN_CONSTANT_CONVERSION = YES;
				CLANG_WARN_DEPRECATED_OBJC_IMPLEMENTATIONS = YES;
				CLANG_WARN_DIRECT_OBJC_ISA_USAGE = YES_ERROR;
				CLANG_WARN_DOCUMENTATION_COMMENTS = YES;
				CLANG_WARN_EMPTY_BODY = YES;
				CLANG_WARN_ENUM_CONVERSION = YES;
				CLANG_WARN_INFINITE_RECURSION = YES;
				CLANG_WARN_INT_CONVERSION = YES;
				CLANG_WARN_NON_LITERAL_NULL_CONVERSION = YES;
				CLANG_WARN_OBJC_IMPLICIT_RETAIN_SELF = YES;
				CLANG_WARN_OBJC_LITERAL_CONVERSION = YES;
				CLANG_WARN_OBJC_ROOT_CLASS = YES_ERROR;
				CLANG_WARN_RANGE_LOOP_ANALYSIS = YES;
				CLANG_WARN_STRICT_PROTOTYPES = YES;
				CLANG_WARN_SUSPICIOUS_MOVE = YES;
				CLANG_WARN_UNGUARDED_AVAILABILITY = YES_AGGRESSIVE;
				CLANG_WARN_UNREACHABLE_CODE = YES;
				CLANG_WARN__DUPLICATE_METHOD_MATCH = YES;
				COPY_PHASE_STRIP = NO;
				DEBUG_INFORMATION_FORMAT = "dwarf-with-dsym";
				ENABLE_NS_ASSERTIONS = NO;
				ENABLE_STRICT_OBJC_MSGSEND = YES;
				GCC_C_LANGUAGE_STANDARD = gnu11;
				GCC_NO_COMMON_BLOCKS = YES;
				GCC_WARN_64_TO_32_BIT_CONVERSION = YES;
				GCC_WARN_ABOUT_RETURN_TYPE = YES_ERROR;
				GCC_WARN_UNDECLARED_SELECTOR = YES;
				GCC_WARN_UNINITIALIZED_AUTOS = YES_AGGRESSIVE;
				GCC_WARN_UNUSED_FUNCTION = YES;
				GCC_WARN_UNUSED_VARIABLE = YES;
				IPHONEOS_DEPLOYMENT_TARGET = 13.7;
				MTL_ENABLE_DEBUG_INFO = NO;
				MTL_FAST_MATH = YES;
				SDKROOT = iphoneos;
				SWIFT_COMPILATION_MODE = wholemodule;
				SWIFT_OPTIMIZATION_LEVEL = "-O";
				VALIDATE_PRODUCT = YES;
			};
			name = Release;
		};
		2F59F6BE25073423009BC50F /* Debug */ = {
			isa = XCBuildConfiguration;
			buildSettings = {
				ASSETCATALOG_COMPILER_APPICON_NAME = AppIcon;
				CODE_SIGN_STYLE = Automatic;
				DEVELOPMENT_TEAM = 48DK76H8TN;
				INFOPLIST_FILE = OnTheMap/Info.plist;
				LD_RUNPATH_SEARCH_PATHS = (
					"$(inherited)",
					"@executable_path/Frameworks",
				);
				PRODUCT_BUNDLE_IDENTIFIER = haoran.OnTheMap;
				PRODUCT_NAME = "$(TARGET_NAME)";
				SWIFT_VERSION = 5.0;
				TARGETED_DEVICE_FAMILY = "1,2";
			};
			name = Debug;
		};
		2F59F6BF25073423009BC50F /* Release */ = {
			isa = XCBuildConfiguration;
			buildSettings = {
				ASSETCATALOG_COMPILER_APPICON_NAME = AppIcon;
				CODE_SIGN_STYLE = Automatic;
				DEVELOPMENT_TEAM = 48DK76H8TN;
				INFOPLIST_FILE = OnTheMap/Info.plist;
				LD_RUNPATH_SEARCH_PATHS = (
					"$(inherited)",
					"@executable_path/Frameworks",
				);
				PRODUCT_BUNDLE_IDENTIFIER = haoran.OnTheMap;
				PRODUCT_NAME = "$(TARGET_NAME)";
				SWIFT_VERSION = 5.0;
				TARGETED_DEVICE_FAMILY = "1,2";
			};
			name = Release;
		};
/* End XCBuildConfiguration section */

/* Begin XCConfigurationList section */
		2F59F6A425073420009BC50F /* Build configuration list for PBXProject "OnTheMap" */ = {
			isa = XCConfigurationList;
			buildConfigurations = (
				2F59F6BB25073423009BC50F /* Debug */,
				2F59F6BC25073423009BC50F /* Release */,
			);
			defaultConfigurationIsVisible = 0;
			defaultConfigurationName = Release;
		};
		2F59F6BD25073423009BC50F /* Build configuration list for PBXNativeTarget "OnTheMap" */ = {
			isa = XCConfigurationList;
			buildConfigurations = (
				2F59F6BE25073423009BC50F /* Debug */,
				2F59F6BF25073423009BC50F /* Release */,
			);
			defaultConfigurationIsVisible = 0;
			defaultConfigurationName = Release;
		};
/* End XCConfigurationList section */
	};
	rootObject = 2F59F6A125073420009BC50F /* Project object */;
}
